github.com/coreos/go-systemd v0.0.0-20190204112023-081494f7ee4f h1:aRjCy0NoKF4dCFsSq2oosyXbviroYKuZxb9JIJxRmGs=
github.com/coreos/go-systemd v0.0.0-20190204112023-081494f7ee4f/go.mod h1:F5haX7vjVVG0kc13fIWeqUViNPyEJxv/OmvnBo0Yme4=
github.com/pkg/errors v0.8.1 h1:iURUrRGxPUNPdy5/HRSm+Yj6okJ6UtLINN0Q9M4+h3I=
github.com/pkg/errors v0.8.1/go.mod h1:bwawxfHBFNV+L2hUp1rHADufV3IMtnDRdf1r5NINEl0=
github.com/rs/xid v1.2.1 h1:mhH9Nq+C1fY2l1XIpgxIiUOfNpRBYH1kKcr+qfKgjRc=
github.com/rs/xid v1.2.1/go.mod h1:+uKXf+4Djp6Md1KODXJxgGQPKngRmWyn10oCKFzNHOQ=
github.com/zenazn/goji v0.9.0 h1:RSQQAbXGArQ0dIDEq+PI6WqN6if+5KHu6x2Cx/GXLTQ=
github.com/zenazn/goji v0.9.0/go.mod h1:7S9M489iMyHBNxwZnk9/EHS098H4/F6TATF2mIxtB1Q=
