github.com/bloom42/astro-go v0.11.1 h1:F5sOgKMdsPIT3QwwaH04YZu2WlrZdza9lFOmH8toIFA=
github.com/bloom42/astro-go v0.11.1/go.mod h1:j6wCDMzQEgLLifSjoMoFQvd06r/TcCF2itBy1nxwVqo=
github.com/bloom42/astro-go v0.11.2 h1:qt3HUbfSnURtCgEc4bkzXic0o6ADM1lbV4oNO+bFmNE=
github.com/bloom42/astro-go v0.11.2/go.mod h1:j6wCDMzQEgLLifSjoMoFQvd06r/TcCF2itBy1nxwVqo=
github.com/bloom42/astro-go v0.12.0 h1:++z5xY6hrCwF/3d1LnI2Hv9seYg5YxoaHD+FkSl8Bpk=
github.com/bloom42/astro-go v0.12.0/go.mod h1:j6wCDMzQEgLLifSjoMoFQvd06r/TcCF2itBy1nxwVqo=
github.com/json-iterator/go v1.1.5 h1:gL2yXlmiIo4+t+y32d4WGwOjKGYcGOuyrg46vadswDE=
github.com/json-iterator/go v1.1.5/go.mod h1:+SdeFBvtyEkXs7REEP0seUULqWtbJapLOCVDaaPEHmU=
github.com/modern-go/concurrent v0.0.0-20180306012644-bacd9c7ef1dd h1:TRLaZ9cD/w8PVh93nsPXa1VrQ6jlwL5oN8l14QlcNfg=
github.com/modern-go/concurrent v0.0.0-20180306012644-bacd9c7ef1dd/go.mod h1:6dJC0mAP4ikYIbvyc7fijjWJddQyLn8Ig3JB5CqoB9Q=
github.com/modern-go/reflect2 v1.0.1 h1:9f412s+6RmYXLWZSEzVVgPGK7C2PphHj5RJrvfx9AWI=
github.com/modern-go/reflect2 v1.0.1/go.mod h1:bx2lNnkwVCuqBIxFjflWJWanXIb3RllmbCylyMrvgv0=
